<?xml version="1.0" encoding="utf-8"?>
<Project ToolsVersion="4.0" xmlns="http://schemas.microsoft.com/developer/msbuild/2003">
  <ItemGroup>
    <Filter Include="소스 파일">
      <UniqueIdentifier>{4FC737F1-C7A5-4376-A066-2A32D752A2FF}</UniqueIdentifier>
      <Extensions>cpp;c;cc;cxx;c++;cppm;ixx;def;odl;idl;hpj;bat;asm;asmx</Extensions>
    </Filter>
    <Filter Include="리소스 파일">
      <UniqueIdentifier>{67DA6AB6-F800-4c08-8B7A-83BB121AAD01}</UniqueIdentifier>
      <Extensions>rc;ico;cur;bmp;dlg;rc2;rct;bin;rgs;gif;jpg;jpeg;jpe;resx;tiff;tif;png;wav;mfcribbon-ms</Extensions>
    </Filter>
    <Filter Include="소스 파일\etc_header">
      <UniqueIdentifier>{ef996700-6711-4ca1-b102-00802a3ad566}</UniqueIdentifier>
    </Filter>
    <Filter Include="소스 파일\Math">
      <UniqueIdentifier>{b9ae5df9-89c0-4967-8c8e-56b5aad90f83}</UniqueIdentifier>
    </Filter>
    <Filter Include="소스 파일\Rasterizer">
      <UniqueIdentifier>{026c4c5a-dd23-4c25-aa20-8785030736fa}</UniqueIdentifier>
    </Filter>
    <Filter Include="소스 파일\Utils">
      <UniqueIdentifier>{5f4227ef-186f-4d0f-be74-6c366040b22f}</UniqueIdentifier>
    </Filter>
  </ItemGroup>
  <ItemGroup>
    <ClInclude Include="framework.h">
      <Filter>소스 파일\etc_header</Filter>
    </ClInclude>
    <ClInclude Include="SoftwareRenderer.h">
      <Filter>소스 파일\etc_header</Filter>
    </ClInclude>
    <ClInclude Include="Resource.h">
      <Filter>소스 파일\etc_header</Filter>
    </ClInclude>
    <ClInclude Include="targetver.h">
      <Filter>소스 파일\etc_header</Filter>
    </ClInclude>
    <ClInclude Include="Matrix4x4.h">
      <Filter>소스 파일\Math</Filter>
    </ClInclude>
    <ClInclude Include="Vector4.h">
      <Filter>소스 파일\Math</Filter>
    </ClInclude>
    <ClInclude Include="Vector3.h">
      <Filter>소스 파일\Math</Filter>
    </ClInclude>
    <ClInclude Include="Color.h">
      <Filter>소스 파일\Math</Filter>
    </ClInclude>
    <ClInclude Include="Rasterizer.h">
      <Filter>소스 파일\Rasterizer</Filter>
    </ClInclude>
    <ClInclude Include="Vertex.h">
      <Filter>소스 파일\Rasterizer</Filter>
    </ClInclude>
    <ClInclude Include="Mesh.h">
      <Filter>소스 파일\Rasterizer</Filter>
    </ClInclude>
    <ClInclude Include="Clipper.h">
      <Filter>소스 파일\Rasterizer</Filter>
    </ClInclude>
    <ClInclude Include="Shader.h">
      <Filter>소스 파일\Rasterizer</Filter>
    </ClInclude>
    <ClInclude Include="RenderTexture.h">
      <Filter>소스 파일\Rasterizer</Filter>
    </ClInclude>
    <ClInclude Include="MatrixUtils.h">
      <Filter>소스 파일\Utils</Filter>
    </ClInclude>
    <ClInclude Include="Quaternion.h">
      <Filter>소스 파일\Utils</Filter>
    </ClInclude>
    <ClInclude Include="ParsingFile.h">
      <Filter>소스 파일\Utils</Filter>
    </ClInclude>
    <ClInclude Include="pch.h">
      <Filter>소스 파일\etc_header</Filter>
    </ClInclude>
    <ClInclude Include="OBJ_Loader.h">
      <Filter>소스 파일\Utils</Filter>
    </ClInclude>
  </ItemGroup>
  <ItemGroup>
    <ClCompile Include="SoftwareRenderer.cpp">
      <Filter>소스 파일</Filter>
    </ClCompile>
    <ClCompile Include="Matrix4x4.cpp">
      <Filter>소스 파일\Math</Filter>
    </ClCompile>
    <ClCompile Include="Vector4.cpp">
      <Filter>소스 파일\Math</Filter>
    </ClCompile>
    <ClCompile Include="Vector3.cpp">
      <Filter>소스 파일\Math</Filter>
    </ClCompile>
    <ClCompile Include="Color.cpp">
      <Filter>소스 파일\Math</Filter>
    </ClCompile>
    <ClCompile Include="Rasterizer.cpp">
      <Filter>소스 파일\Rasterizer</Filter>
    </ClCompile>
    <ClCompile Include="Vertex.cpp">
      <Filter>소스 파일\Rasterizer</Filter>
    </ClCompile>
    <ClCompile Include="Mesh.cpp">
      <Filter>소스 파일\Rasterizer</Filter>
    </ClCompile>
    <ClCompile Include="Clipper.cpp">
      <Filter>소스 파일\Rasterizer</Filter>
    </ClCompile>
    <ClCompile Include="Shader.cpp">
      <Filter>소스 파일\Rasterizer</Filter>
    </ClCompile>
    <ClCompile Include="RenderTexture.cpp">
      <Filter>소스 파일\Rasterizer</Filter>
    </ClCompile>
    <ClCompile Include="MatrixUtils.cpp">
      <Filter>소스 파일\Utils</Filter>
    </ClCompile>
    <ClCompile Include="Quaternion.cpp">
      <Filter>소스 파일\Utils</Filter>
    </ClCompile>
    <ClCompile Include="ParsingFile.cpp">
      <Filter>소스 파일\Utils</Filter>
    </ClCompile>
    <ClCompile Include="pch.cpp">
      <Filter>소스 파일\etc_header</Filter>
    </ClCompile>
    <ClCompile Include="OBJ_Loader.cpp">
      <Filter>소스 파일\Utils</Filter>
    </ClCompile>
  </ItemGroup>
  <ItemGroup>
    <ResourceCompile Include="SoftwareRenderer.rc">
      <Filter>리소스 파일</Filter>
    </ResourceCompile>
  </ItemGroup>
  <ItemGroup>
    <Image Include="small.ico">
      <Filter>리소스 파일</Filter>
    </Image>
    <Image Include="SoftwareRenderer.ico">
      <Filter>리소스 파일</Filter>
    </Image>
  </ItemGroup>
</Project>